
Microsoft Visual Studio Solution File, Format Version 12.00
# Visual Studio 14
VisualStudioVersion = 14.0.25420.1
MinimumVisualStudioVersion = 10.0.40219.1
Project("{FAE04EC0-301F-11D3-BF4B-00C04F79EFBC}") = "Coursework.Web", "Coursework.Web\Coursework.Web.csproj", "{66B2ABB1-82AC-485E-AB5C-061B2DB982C6}"
EndProject
Project("{FAE04EC0-301F-11D3-BF4B-00C04F79EFBC}") = "Coursework.Entities", "Coursework.Entities\Coursework.Entities.csproj", "{D29CCFDF-11C9-47E0-896A-FB00728683B2}"
EndProject
Project("{FAE04EC0-301F-11D3-BF4B-00C04F79EFBC}") = "Coursework.Repositories", "Coursework.Repositories\Coursework.Repositories.csproj", "{FA44D595-A47E-443C-9ACB-F1050EE51CDF}"
EndProject
Project("{FAE04EC0-301F-11D3-BF4B-00C04F79EFBC}") = "Coursework.Services", "Coursework.Services\Coursework.Services.csproj", "{FEAB0A4C-2616-476F-B62F-008A012F47DB}"
EndProject
Global
	GlobalSection(SolutionConfigurationPlatforms) = preSolution
		Debug|Any CPU = Debug|Any CPU
		Release|Any CPU = Release|Any CPU
	EndGlobalSection
	GlobalSection(ProjectConfigurationPlatforms) = postSolution
		{66B2ABB1-82AC-485E-AB5C-061B2DB982C6}.Debug|Any CPU.ActiveCfg = Debug|Any CPU
		{66B2ABB1-82AC-485E-AB5C-061B2DB982C6}.Debug|Any CPU.Build.0 = Debug|Any CPU
		{66B2ABB1-82AC-485E-AB5C-061B2DB982C6}.Release|Any CPU.ActiveCfg = Release|Any CPU
		{66B2ABB1-82AC-485E-AB5C-061B2DB982C6}.Release|Any CPU.Build.0 = Release|Any CPU
		{D29CCFDF-11C9-47E0-896A-FB00728683B2}.Debug|Any CPU.ActiveCfg = Debug|Any CPU
		{D29CCFDF-11C9-47E0-896A-FB00728683B2}.Debug|Any CPU.Build.0 = Debug|Any CPU
		{D29CCFDF-11C9-47E0-896A-FB00728683B2}.Release|Any CPU.ActiveCfg = Release|Any CPU
		{D29CCFDF-11C9-47E0-896A-FB00728683B2}.Release|Any CPU.Build.0 = Release|Any CPU
		{FA44D595-A47E-443C-9ACB-F1050EE51CDF}.Debug|Any CPU.ActiveCfg = Debug|Any CPU
		{FA44D595-A47E-443C-9ACB-F1050EE51CDF}.Debug|Any CPU.Build.0 = Debug|Any CPU
		{FA44D595-A47E-443C-9ACB-F1050EE51CDF}.Release|Any CPU.ActiveCfg = Release|Any CPU
		{FA44D595-A47E-443C-9ACB-F1050EE51CDF}.Release|Any CPU.Build.0 = Release|Any CPU
		{FEAB0A4C-2616-476F-B62F-008A012F47DB}.Debug|Any CPU.ActiveCfg = Debug|Any CPU
		{FEAB0A4C-2616-476F-B62F-008A012F47DB}.Debug|Any CPU.Build.0 = Debug|Any CPU
		{FEAB0A4C-2616-476F-B62F-008A012F47DB}.Release|Any CPU.ActiveCfg = Release|Any CPU
		{FEAB0A4C-2616-476F-B62F-008A012F47DB}.Release|Any CPU.Build.0 = Release|Any CPU
	EndGlobalSection
	GlobalSection(SolutionProperties) = preSolution
		HideSolutionNode = FALSE
	EndGlobalSection
EndGlobal
